
Microsoft Visual Studio Solution File, Format Version 12.00
# Visual Studio 15
VisualStudioVersion = 15.0.28010.2036
MinimumVisualStudioVersion = 10.0.40219.1
Project("{FAE04EC0-301F-11D3-BF4B-00C04F79EFBC}") = "L8", "L8\L8.csproj", "{5D3C987C-1C98-4E79-83DF-66CC07326197}"
EndProject
Project("{FAE04EC0-301F-11D3-BF4B-00C04F79EFBC}") = "xup1", "xup1\xup1.csproj", "{1C2798CB-7182-40F9-81A1-7077F8655BD9}"
EndProject
Global
	GlobalSection(SolutionConfigurationPlatforms) = preSolution
		Debug|Any CPU = Debug|Any CPU
		Release|Any CPU = Release|Any CPU
	EndGlobalSection
	GlobalSection(ProjectConfigurationPlatforms) = postSolution
		{5D3C987C-1C98-4E79-83DF-66CC07326197}.Debug|Any CPU.ActiveCfg = Debug|Any CPU
		{5D3C987C-1C98-4E79-83DF-66CC07326197}.Debug|Any CPU.Build.0 = Debug|Any CPU
		{5D3C987C-1C98-4E79-83DF-66CC07326197}.Release|Any CPU.ActiveCfg = Release|Any CPU
		{5D3C987C-1C98-4E79-83DF-66CC07326197}.Release|Any CPU.Build.0 = Release|Any CPU
		{1C2798CB-7182-40F9-81A1-7077F8655BD9}.Debug|Any CPU.ActiveCfg = Debug|Any CPU
		{1C2798CB-7182-40F9-81A1-7077F8655BD9}.Debug|Any CPU.Build.0 = Debug|Any CPU
		{1C2798CB-7182-40F9-81A1-7077F8655BD9}.Release|Any CPU.ActiveCfg = Release|Any CPU
		{1C2798CB-7182-40F9-81A1-7077F8655BD9}.Release|Any CPU.Build.0 = Release|Any CPU
	EndGlobalSection
	GlobalSection(SolutionProperties) = preSolution
		HideSolutionNode = FALSE
	EndGlobalSection
	GlobalSection(ExtensibilityGlobals) = postSolution
		SolutionGuid = {CF5F2BA3-B6B6-4C9F-AAB4-ED0FE869AEFE}
	EndGlobalSection
EndGlobal
